{
  "projects": [
    {
      "projectId": "caTPwKxj5ZrD9LQ7DMdK4Z",
      "version": "3.36.0",
      "dependencies": {},
      "lang": "js",
      "fileLocks": [
        {
          "assetId": "caTPwKxj5ZrD9LQ7DMdK4Z",
          "type": "projectCss",
          "checksum": "e1ec850476829c38b0f9b6d4f7ac446a"
        }
      ],
      "codegenVersion": "0.0.1"
    },
    {
      "projectId": "7nJ7UcFmq9UzB6eXfC5z4a",
      "version": "0.28.0",
      "dependencies": {},
      "lang": "js",
      "fileLocks": [
        {
          "assetId": "7nJ7UcFmq9UzB6eXfC5z4a",
          "type": "projectCss",
          "checksum": "05587b57f22f0ec8bb54543deb39762e"
        }
      ],
      "codegenVersion": "0.0.1"
    },
    {
      "projectId": "95cydKu4zdmeK3V4rXXSKZ",
      "version": "0.3.0",
      "dependencies": {},
      "lang": "js",
      "fileLocks": [
        {
          "assetId": "95cydKu4zdmeK3V4rXXSKZ",
          "type": "projectCss",
          "checksum": "e1ec850476829c38b0f9b6d4f7ac446a"
        }
      ],
      "codegenVersion": "0.0.1"
    },
    {
      "projectId": "k6BnBuAUepzRX8Qs2WvkKs",
      "version": "0.3.0",
      "dependencies": {},
      "lang": "js",
      "fileLocks": [
        {
          "assetId": "k6BnBuAUepzRX8Qs2WvkKs",
          "type": "projectCss",
          "checksum": "e1ec850476829c38b0f9b6d4f7ac446a"
        }
      ],
      "codegenVersion": "0.0.1"
    },
    {
      "projectId": "vWtWgPPF1YuRD8hUh8BgQm",
      "version": "0.3.0",
      "dependencies": {},
      "lang": "js",
      "fileLocks": [
        {
          "assetId": "vWtWgPPF1YuRD8hUh8BgQm",
          "type": "projectCss",
          "checksum": "e1ec850476829c38b0f9b6d4f7ac446a"
        }
      ],
      "codegenVersion": "0.0.1"
    },
    {
      "projectId": "hsyJcmBceSfPzvvXzVTuk7",
      "version": "0.1.0",
      "dependencies": {},
      "lang": "js",
      "fileLocks": [
        {
          "assetId": "hsyJcmBceSfPzvvXzVTuk7",
          "type": "projectCss",
          "checksum": "e1ec850476829c38b0f9b6d4f7ac446a"
        }
      ],
      "codegenVersion": "0.0.1"
    },
    {
      "projectId": "hjKYmYi6HMwK6TRyk7ew5R",
      "version": "6.39.0",
      "dependencies": {},
      "lang": "js",
      "fileLocks": [
        {
          "assetId": "hjKYmYi6HMwK6TRyk7ew5R",
          "type": "projectCss",
          "checksum": "e76cee85e96cb3fff580d5552a47cfe4"
        },
        {
          "assetId": "hjKYmYi6HMwK6TRyk7ew5R",
          "checksum": "ce1c1c4c2068f2505d175a1b6e17d26a",
          "type": "globalContexts"
        }
      ],
      "codegenVersion": "0.0.1"
    },
    {
      "projectId": "28Ba3BDvRe7EiWdfFNnLB6",
      "version": "2.35.0",
      "dependencies": {},
      "lang": "js",
      "fileLocks": [
        {
          "assetId": "28Ba3BDvRe7EiWdfFNnLB6",
          "type": "projectCss",
          "checksum": "e1ec850476829c38b0f9b6d4f7ac446a"
        }
      ],
      "codegenVersion": "0.0.1"
    },
    {
      "projectId": "jkU633o1Cz7HrJdwdxhVHk",
      "version": "16.10.0",
      "dependencies": {},
      "lang": "js",
      "fileLocks": [
        {
          "assetId": "jkU633o1Cz7HrJdwdxhVHk",
          "type": "projectCss",
          "checksum": "0581d4378bb1604bb5fe3f65bb0a37de"
        }
      ],
      "codegenVersion": "0.0.1"
    },
    {
      "projectId": "ohDidvG9XsCeFumugENU3J",
      "version": "6.24.0",
      "dependencies": {},
      "lang": "js",
      "fileLocks": [
        {
          "assetId": "ohDidvG9XsCeFumugENU3J",
          "type": "projectCss",
          "checksum": "fd83b730367fdbde2c69bc6cf31c2a3c"
        },
        {
          "assetId": "ohDidvG9XsCeFumugENU3J",
          "checksum": "de0a0e65174a6a185a8f822af51c6bdd",
          "type": "globalContexts"
        }
      ],
      "codegenVersion": "0.0.1"
    },
    {
      "projectId": "22U3ZXm4dE59qEW488gxzU",
      "version": "0.27.0",
      "dependencies": {},
      "lang": "js",
      "fileLocks": [
        {
          "assetId": "22U3ZXm4dE59qEW488gxzU",
          "type": "projectCss",
          "checksum": "378b46b2b5bf0308d8e810f8a369fe93"
        },
        {
          "assetId": "22U3ZXm4dE59qEW488gxzU",
          "checksum": "060bb74494371f939de72df9e191bdcf",
          "type": "globalContexts"
        }
      ],
      "codegenVersion": "0.0.1"
    },
    {
      "projectId": "2p9VhVhxAWhB5Nusx9QUQ2",
      "version": "latest",
      "dependencies": {
        "22U3ZXm4dE59qEW488gxzU": "0.27.0",
        "ohDidvG9XsCeFumugENU3J": "6.24.0",
        "jkU633o1Cz7HrJdwdxhVHk": "16.10.0",
        "28Ba3BDvRe7EiWdfFNnLB6": "2.35.0",
        "hjKYmYi6HMwK6TRyk7ew5R": "6.39.0",
        "hsyJcmBceSfPzvvXzVTuk7": "0.1.0",
        "vWtWgPPF1YuRD8hUh8BgQm": "0.3.0",
        "k6BnBuAUepzRX8Qs2WvkKs": "0.3.0",
        "95cydKu4zdmeK3V4rXXSKZ": "0.3.0",
        "7nJ7UcFmq9UzB6eXfC5z4a": "0.28.0",
        "caTPwKxj5ZrD9LQ7DMdK4Z": "3.36.0"
      },
      "lang": "js",
      "fileLocks": [
        {
          "type": "globalVariant",
          "assetId": "_0qmF6MTAnaU",
          "checksum": "29b262fc3dc7bda3cdfcd77d88d4c6eb"
        },
        {
          "assetId": "2p9VhVhxAWhB5Nusx9QUQ2",
          "checksum": "4892ac1d480be301e22d1a80ce6936bf",
          "type": "globalContexts"
        },
        {
          "type": "renderModule",
          "assetId": "uJeZUBcKfARu",
          "checksum": "624dd66aaacaa53b921e224389fdd715"
        },
        {
          "type": "cssRules",
          "assetId": "uJeZUBcKfARu",
          "checksum": "624dd66aaacaa53b921e224389fdd715"
        },
        {
          "type": "renderModule",
          "assetId": "EyzplKTGD_DF",
          "checksum": "a1e043e1d98f7c60dfa8a8c22c90e865"
        },
        {
          "type": "cssRules",
          "assetId": "EyzplKTGD_DF",
          "checksum": "a1e043e1d98f7c60dfa8a8c22c90e865"
        },
        {
          "type": "renderModule",
          "assetId": "V8l1JeQWeinn",
          "checksum": "9bd060c1a92ed17f56825fa8b28ce2de"
        },
        {
          "type": "cssRules",
          "assetId": "V8l1JeQWeinn",
          "checksum": "9bd060c1a92ed17f56825fa8b28ce2de"
        },
        {
          "type": "renderModule",
          "assetId": "3KO6LzLmW5ZO",
          "checksum": "bd4572b3bf839ccecafd2f447548b910"
        },
        {
          "type": "cssRules",
          "assetId": "3KO6LzLmW5ZO",
          "checksum": "bd4572b3bf839ccecafd2f447548b910"
        },
        {
          "type": "renderModule",
          "assetId": "21hHWiV01rOa",
          "checksum": "6dacb8ca92a417ac0ceb62e9029616b0"
        },
        {
          "type": "cssRules",
          "assetId": "21hHWiV01rOa",
          "checksum": "6dacb8ca92a417ac0ceb62e9029616b0"
        },
        {
          "type": "renderModule",
          "assetId": "D2DzRkcO7hL6",
          "checksum": "acaeb71ecbc768898307e9663ca40183"
        },
        {
          "type": "cssRules",
          "assetId": "D2DzRkcO7hL6",
          "checksum": "acaeb71ecbc768898307e9663ca40183"
        },
        {
          "type": "renderModule",
          "assetId": "RpZs2qfsI2pw",
          "checksum": "fecdf36ad49ed6f99a8ae34aab2089df"
        },
        {
          "type": "cssRules",
          "assetId": "RpZs2qfsI2pw",
          "checksum": "fecdf36ad49ed6f99a8ae34aab2089df"
        },
        {
          "type": "renderModule",
          "assetId": "jOOAO_Iy5Zph",
          "checksum": "f3d2a5a8b9a5cac12c38edc825b33798"
        },
        {
          "type": "cssRules",
          "assetId": "jOOAO_Iy5Zph",
          "checksum": "f3d2a5a8b9a5cac12c38edc825b33798"
        },
        {
          "type": "renderModule",
          "assetId": "qw7tQ-F1Iyxa",
          "checksum": "9f70b14450c14d8cb4c97ca72630782e"
        },
        {
          "type": "cssRules",
          "assetId": "qw7tQ-F1Iyxa",
          "checksum": "9f70b14450c14d8cb4c97ca72630782e"
        },
        {
          "type": "renderModule",
          "assetId": "OGdyRBmo77lT",
          "checksum": "f1757c23a2474322e60b1ffae8ac5def"
        },
        {
          "type": "cssRules",
          "assetId": "OGdyRBmo77lT",
          "checksum": "f1757c23a2474322e60b1ffae8ac5def"
        },
        {
          "type": "renderModule",
          "assetId": "QZYU2P-IDkxx",
          "checksum": "5eaa79c78ff9b6802dbfb89ff04a087f"
        },
        {
          "type": "cssRules",
          "assetId": "QZYU2P-IDkxx",
          "checksum": "5eaa79c78ff9b6802dbfb89ff04a087f"
        },
        {
          "type": "renderModule",
          "assetId": "9rGWqtPg4lLP",
          "checksum": "8c80f6af8f77f7cafbf0d5e72bdc7391"
        },
        {
          "type": "cssRules",
          "assetId": "9rGWqtPg4lLP",
          "checksum": "8c80f6af8f77f7cafbf0d5e72bdc7391"
        },
        {
          "type": "renderModule",
          "assetId": "CAYyPzQOdHQ0",
          "checksum": "9c50e823e3be64e0519903b708700762"
        },
        {
          "type": "cssRules",
          "assetId": "CAYyPzQOdHQ0",
          "checksum": "9c50e823e3be64e0519903b708700762"
        },
        {
          "type": "renderModule",
          "assetId": "vIsAJPQyd6Jq",
          "checksum": "2b4729f0780f0ecc90a924b471eb3672"
        },
        {
          "type": "cssRules",
          "assetId": "vIsAJPQyd6Jq",
          "checksum": "2b4729f0780f0ecc90a924b471eb3672"
        },
        {
          "type": "renderModule",
          "assetId": "yxQmGgAy9hde",
          "checksum": "19a753a33b3e878519cbab0b3d4619cb"
        },
        {
          "type": "cssRules",
          "assetId": "yxQmGgAy9hde",
          "checksum": "19a753a33b3e878519cbab0b3d4619cb"
        },
        {
          "type": "renderModule",
          "assetId": "7Ks2sCBPZV9k",
          "checksum": "00e3c0571f4d9104be70b532a4d95aad"
        },
        {
          "type": "cssRules",
          "assetId": "7Ks2sCBPZV9k",
          "checksum": "00e3c0571f4d9104be70b532a4d95aad"
        },
        {
          "type": "renderModule",
          "assetId": "Mjl6P60oGLT_",
          "checksum": "471fb7865d386b5e75b7b74e1cd58cac"
        },
        {
          "type": "cssRules",
          "assetId": "Mjl6P60oGLT_",
          "checksum": "471fb7865d386b5e75b7b74e1cd58cac"
        },
        {
          "type": "renderModule",
          "assetId": "bILD32tm80zd",
          "checksum": "41a7acbad7c9d7168d4fce2bac696021"
        },
        {
          "type": "cssRules",
          "assetId": "bILD32tm80zd",
          "checksum": "41a7acbad7c9d7168d4fce2bac696021"
        },
        {
          "type": "renderModule",
          "assetId": "WHvMDFyr8qi3",
          "checksum": "f004c2a1622b730410c4e14534437e7e"
        },
        {
          "type": "cssRules",
          "assetId": "WHvMDFyr8qi3",
          "checksum": "f004c2a1622b730410c4e14534437e7e"
        },
        {
          "type": "renderModule",
          "assetId": "AAAiqfM0zv7D",
          "checksum": "2f1f974d22188588a5e16cdd01547a2a"
        },
        {
          "type": "cssRules",
          "assetId": "AAAiqfM0zv7D",
          "checksum": "2f1f974d22188588a5e16cdd01547a2a"
        },
        {
          "type": "renderModule",
          "assetId": "i6hAdr-YUMOP",
          "checksum": "a807eba3944731d4f8bbd9a17f055202"
        },
        {
          "type": "cssRules",
          "assetId": "i6hAdr-YUMOP",
          "checksum": "a807eba3944731d4f8bbd9a17f055202"
        },
        {
          "type": "renderModule",
          "assetId": "IiQiNRBehBFl",
          "checksum": "7af9e4ee2b15f66113bf885a74c64455"
        },
        {
          "type": "cssRules",
          "assetId": "IiQiNRBehBFl",
          "checksum": "7af9e4ee2b15f66113bf885a74c64455"
        },
        {
          "type": "renderModule",
          "assetId": "hChtZgIyLUvt",
          "checksum": "92a905e467dee3a76e4aa575a0724c54"
        },
        {
          "type": "cssRules",
          "assetId": "hChtZgIyLUvt",
          "checksum": "92a905e467dee3a76e4aa575a0724c54"
        },
        {
          "type": "renderModule",
          "assetId": "_THCDN_rh1Mn",
          "checksum": "7f67f709ce91584535bf19ac253fc7f3"
        },
        {
          "type": "cssRules",
          "assetId": "_THCDN_rh1Mn",
          "checksum": "7f67f709ce91584535bf19ac253fc7f3"
        },
        {
          "type": "renderModule",
          "assetId": "-3Ai3H1Wr9UX",
          "checksum": "47f3c1fb0d077881d9617a886eef5606"
        },
        {
          "type": "cssRules",
          "assetId": "-3Ai3H1Wr9UX",
          "checksum": "47f3c1fb0d077881d9617a886eef5606"
        },
        {
          "type": "renderModule",
          "assetId": "Te9KU2ZufSm0",
          "checksum": "4bb4bf646d07cd69013366e99e758ba2"
        },
        {
          "type": "cssRules",
          "assetId": "Te9KU2ZufSm0",
          "checksum": "4bb4bf646d07cd69013366e99e758ba2"
        },
        {
          "type": "renderModule",
          "assetId": "z4Y-9l1_pr2Q",
          "checksum": "efa809206321d7aa5a08368ebcc60f1d"
        },
        {
          "type": "cssRules",
          "assetId": "z4Y-9l1_pr2Q",
          "checksum": "efa809206321d7aa5a08368ebcc60f1d"
        },
        {
          "type": "icon",
          "assetId": "aMaZasNPz66Q",
          "checksum": "992b60150e5716490d090652015160da"
        },
        {
          "type": "icon",
          "assetId": "lMjobyi2wRqh",
          "checksum": "75ed2795f4af70e8aced934827e317ae"
        },
        {
          "type": "icon",
          "assetId": "R80lDIuk3WQt",
          "checksum": "5aa4fb5e46223f6e67dcb67d35099416"
        },
        {
          "type": "icon",
          "assetId": "a10b6f8Q86HW",
          "checksum": "f151d4a0e747c29395a0d5ca479227cc"
        },
        {
          "type": "icon",
          "assetId": "j3whR53MQDz4",
          "checksum": "ee0c3393c4ab1c3b348705a84c292960"
        },
        {
          "type": "icon",
          "assetId": "POHSpSshw25r",
          "checksum": "ef78ce8f20c925e523e5f984e43180ff"
        },
        {
          "type": "icon",
          "assetId": "NrV46_Uha6H4",
          "checksum": "f90ca4cc2342820466399ec81512a1c7"
        },
        {
          "type": "icon",
          "assetId": "hcWPVY4v-Rr4",
          "checksum": "6f544b0ae27ce5285cd49b3a2362dbd3"
        },
        {
          "type": "icon",
          "assetId": "pQQeSR_6DGYe",
          "checksum": "91a52c415db18522ee5b2e44db8f30d3"
        },
        {
          "type": "icon",
          "assetId": "OhHbf5je4-iq",
          "checksum": "5348e407b9a0a3275c54b9996aa092cc"
        },
        {
          "type": "icon",
          "assetId": "1-wnBb_d4Jc7",
          "checksum": "402368a651c941ad89a751ededb9889d"
        },
        {
          "type": "icon",
          "assetId": "ThwD26Dp5Zfp",
          "checksum": "d08742293b37366fc527fdd43c0c5e74"
        },
        {
          "type": "icon",
          "assetId": "Hk6OBDN3dRJs",
          "checksum": "934e5c9b4fdfdda1fb40da91d84edd28"
        },
        {
          "type": "icon",
          "assetId": "vxW5vqDAmeAI",
          "checksum": "134ddce4b473eb236ae90b5559514961"
        },
        {
          "type": "icon",
          "assetId": "o0c7L_FzzkM5",
          "checksum": "33c7283689dec24210dde7670f472e15"
        },
        {
          "type": "icon",
          "assetId": "eIIrHwC8KFIP",
          "checksum": "82bf4d5a2b29d25942da8ce0fd57c21a"
        },
        {
          "type": "icon",
          "assetId": "jw1KzL1PXLKR",
          "checksum": "145c479863437b13d515adb6b74b32d9"
        },
        {
          "type": "icon",
          "assetId": "fhwJzIb6Dfk7",
          "checksum": "a67a9ce5701376b7ef55559f7da0147d"
        },
        {
          "type": "icon",
          "assetId": "XWK72G0LZflb",
          "checksum": "334fc91f88d712b90c4cd1b28272c802"
        },
        {
          "type": "icon",
          "assetId": "519ruFevp7bj",
          "checksum": "c326762e821665839c57223f3cefbec8"
        },
        {
          "type": "icon",
          "assetId": "_65bIzacfsMl",
          "checksum": "02f8011b54aacd727435c5ec2990698a"
        },
        {
          "type": "icon",
          "assetId": "oRRo68X2Psqt",
          "checksum": "9fd4b52fdd173279bb3b79ca8cc66929"
        },
        {
          "type": "icon",
          "assetId": "0IF2JoW2ay4G",
          "checksum": "a1772248d6d29e795726533d9aa0eb7a"
        },
        {
          "type": "icon",
          "assetId": "jRbjhH5dDdy_",
          "checksum": "b8708753f745300f9d655bd47379ba22"
        },
        {
          "type": "icon",
          "assetId": "7QEV8fM93EDd",
          "checksum": "988f0ef8d0c9cbb2fcc7bc997b9357d6"
        },
        {
          "type": "icon",
          "assetId": "X3ODcQ2KORJv",
          "checksum": "4b03dcea645b4b28f958cb23481249f5"
        },
        {
          "type": "icon",
          "assetId": "Ck5QjlcI0HmN",
          "checksum": "893b2007513c362bc3f66eac91e9babe"
        },
        {
          "type": "icon",
          "assetId": "dEUtuwsygc-s",
          "checksum": "45eda5b076f58bc723e47184620cf0f7"
        },
        {
          "type": "icon",
          "assetId": "dck6yM8AEIGO",
          "checksum": "f3bd64a1e3394a18ce7958a953ee78e4"
        },
        {
          "type": "image",
          "assetId": "SvtPbAnVPRL8",
          "checksum": "b4d9dd17cdceb941a383447ef1ec6fed"
        },
        {
          "type": "image",
          "assetId": "Tx48gA1Z5JBG",
          "checksum": "c288491e8d9f6fbb261479d20da28417"
        },
        {
          "type": "image",
          "assetId": "b9ekrQZ5XVX9",
          "checksum": "813569367177c25cdfbda34b81331af7"
        },
        {
          "type": "image",
          "assetId": "KUsBSlX2BwJs",
          "checksum": "a88dd47c315af8f182b33bc792933fb4"
        },
        {
          "type": "image",
          "assetId": "54FkDMVb-wLS",
          "checksum": "eb1d5b607be978a7bd661a8d2682baf0"
        },
        {
          "type": "image",
          "assetId": "Oukstt4Oc2jJ",
          "checksum": "a33c53e6b2ffe40fd76b9450f1ce94ff"
        },
        {
          "type": "image",
          "assetId": "YgccEGw4wT6c",
          "checksum": "2ae6b4a87f6ad694ecf5cc8c2dd5cf7d"
        },
        {
          "type": "image",
          "assetId": "MnO6ndHoZQoU",
          "checksum": "eb0889c8f47762b28ea28de096d27e93"
        },
        {
          "type": "image",
          "assetId": "ZQFiiB5zljQt",
          "checksum": "454510c3d3072e81c8414eb8207fc0b5"
        },
        {
          "type": "image",
          "assetId": "HzCEGypLiJTt",
          "checksum": "8e3c27a895d041f46ba6db04a3230f80"
        },
        {
          "type": "image",
          "assetId": "IKLot5rkZpON",
          "checksum": "b777b25aa5515324947c0baf2db7d9ce"
        },
        {
          "type": "image",
          "assetId": "SYno_05wAebI",
          "checksum": "ee4cf53392f298b13152330b809073b2"
        },
        {
          "type": "image",
          "assetId": "KlE9iqD98I7i",
          "checksum": "77e0c64616faedd2f00f2d928132d7c0"
        },
        {
          "type": "image",
          "assetId": "X0U0KzRN63DA",
          "checksum": "63f19d51369d04b262aaf9a9f4ed622a"
        },
        {
          "type": "image",
          "assetId": "re053OYtqOfR",
          "checksum": "920ff15f6d91da636109b5708ae60dff"
        },
        {
          "type": "image",
          "assetId": "VnHXQg3kWRle",
          "checksum": "1da6950626416ac722779bc58f6761fd"
        },
        {
          "type": "image",
          "assetId": "ks9dqxIyt2fn",
          "checksum": "6ab99781b475246464ba67d244f3d712"
        },
        {
          "type": "image",
          "assetId": "Sgoihz1hRVHa",
          "checksum": "3f2e7a5fb4d197042a61a5d2e7d8769f"
        },
        {
          "type": "image",
          "assetId": "ZXhvXXOAc0pn",
          "checksum": "f4ea9aa9e308fee29ffdc6cbc6dcfc93"
        },
        {
          "type": "image",
          "assetId": "JyaDZsQMNRsp",
          "checksum": "2841e9541da290aaaa8260053a01d0dd"
        },
        {
          "type": "image",
          "assetId": "KqgpKQsKPf9j",
          "checksum": "822c44f69be39d1cbf4b5702fc7bb317"
        },
        {
          "type": "image",
          "assetId": "6JPqUSlIB3gw",
          "checksum": "9439cf4f4f0bd762ef94934bcf70b80d"
        },
        {
          "type": "image",
          "assetId": "42f2kjU8KvaD",
          "checksum": "c6604c029b5e9287289ca0dc68c4414f"
        },
        {
          "type": "image",
          "assetId": "hdJTnlp9bcpY",
          "checksum": "a92622fea9bb473f524ca7e9e435460b"
        },
        {
          "type": "image",
          "assetId": "G_uu6ifvjRLv",
          "checksum": "350874a196ad3479d1d286dc68d97590"
        },
        {
          "type": "image",
          "assetId": "W2a8q8pN02XW",
          "checksum": "91cc5e81b71b9450a2d6d3d5634d654a"
        },
        {
          "type": "image",
          "assetId": "uyQPrVnViye1",
          "checksum": "297a8846d4a83b2dbf559bd5b57b76a2"
        },
        {
          "type": "image",
          "assetId": "7JhWNslvNVDz",
          "checksum": "b597b045399100503d2a07bfe6444553"
        },
        {
          "type": "image",
          "assetId": "Xb22WZvZjFy4",
          "checksum": "f8b251e56b0dfafe528be325757d1558"
        },
        {
          "type": "image",
          "assetId": "vgFfVBK4EAZm",
          "checksum": "e9e48f1504a453ad464126f0bf629110"
        },
        {
          "type": "image",
          "assetId": "uXbDqrMXkQLl",
          "checksum": "7d44b9f80f0cad7800105c6f321a4041"
        },
        {
          "type": "image",
          "assetId": "iHpt69-nvdYl",
          "checksum": "b48692b02a06d3514f4f66f961bbba39"
        },
        {
          "type": "image",
          "assetId": "qOYXrKYEuQ-K",
          "checksum": "2523eaf12567232b864e343327808680"
        },
        {
          "type": "image",
          "assetId": "irqxHXxk6fGv",
          "checksum": "9f6c7424ce2cb8e130ffbb0c443124f8"
        },
        {
          "type": "image",
          "assetId": "coi-U3YR3zkC",
          "checksum": "2cb201046b4272510fb4d2ba0cef2b1e"
        },
        {
          "type": "image",
          "assetId": "ygpkMgwwhP7z",
          "checksum": "6bc2bb404bcaebf6a655125f79a0f310"
        },
        {
          "type": "image",
          "assetId": "TS33FqRdmDuF",
          "checksum": "0d1e57665a1533f210149b73cb041301"
        },
        {
          "type": "image",
          "assetId": "GYvuq2vNULPT",
          "checksum": "951abb21328faed4cd61670c6c849af5"
        },
        {
          "type": "image",
          "assetId": "6eNUjhmDXoQS",
          "checksum": "705ac686ea5f670ea76e7fdef02f7b37"
        },
        {
          "type": "image",
          "assetId": "C2yd88ZgY5Il",
          "checksum": "463a9bb89290303680a12a478a18b3f2"
        },
        {
          "type": "image",
          "assetId": "wlvaZz1VhNBE",
          "checksum": "895384ef82f743390528edd9eda92b42"
        },
        {
          "type": "image",
          "assetId": "u2QwHDLVPqXk",
          "checksum": "eca104a7bd5e20eb4e07b7b62435ff85"
        },
        {
          "type": "image",
          "assetId": "MFzDjJt4PjFs",
          "checksum": "0e9d03509494372d7b509df39e5c9e3f"
        },
        {
          "type": "image",
          "assetId": "v-CIU19_ZAp4",
          "checksum": "317f90d9c1fe80aa3facadc0d5927c38"
        },
        {
          "type": "image",
          "assetId": "fg5vVfLiQAJJ",
          "checksum": "86d13a8024634f89828bfb15c9db5b98"
        },
        {
          "type": "image",
          "assetId": "NqTm5WDZ-l85",
          "checksum": "8d38c5f4636d7ea2363c14f48810726f"
        },
        {
          "type": "image",
          "assetId": "9UdRHtzu72fu",
          "checksum": "e5c3ddd37dd1b6ecf410f07206654612"
        },
        {
          "type": "image",
          "assetId": "9OxAaCfMDmKQ",
          "checksum": "bd66abd7a234f4b2dc27008ca320c74d"
        },
        {
          "type": "image",
          "assetId": "agak2PtYcmo7",
          "checksum": "641a699c84142ca751cbcbc1e48d03f5"
        },
        {
          "type": "image",
          "assetId": "8tTaUtpm3MOK",
          "checksum": "a4a94b61d375eedfd3b0de01479681ee"
        },
        {
          "type": "image",
          "assetId": "JvodrCxemsmM",
          "checksum": "d092cd2aa903248df3fc9bbf3ef9791a"
        },
        {
          "type": "image",
          "assetId": "jlcz7QUcaHE2",
          "checksum": "bd050b04d730cb2907ca3a7a171240c1"
        },
        {
          "type": "image",
          "assetId": "A7S34Be1dP--",
          "checksum": "41a3cd66be9bbe187f28dfbb9a91e4cf"
        },
        {
          "type": "image",
          "assetId": "Uo1JcMzlDDL9",
          "checksum": "e9b58406e52ed9d6b7038f6366cd4e77"
        },
        {
          "type": "image",
          "assetId": "du_GW6BccTWr",
          "checksum": "a973bd3e25cc5f1d6e2edc1a9416e7a0"
        },
        {
          "type": "image",
          "assetId": "-jS4QWyIJOVe",
          "checksum": "d80f84aee1ad05e1fd14c1d1b5c9446a"
        },
        {
          "type": "image",
          "assetId": "Yb3jZNyHObf2",
          "checksum": "fd0896f50bb71e7d8352cdf9f174b595"
        },
        {
          "type": "image",
          "assetId": "t7fBnbJxIbwA",
          "checksum": "7003d41178cc9a2f4fc7b4bc919f3592"
        },
        {
          "type": "image",
          "assetId": "0voqhkLCR9iI",
          "checksum": "699b370617b772c737f00d2997cf9b25"
        },
        {
          "type": "renderModule",
          "assetId": "g36MTc5kLKgr",
          "checksum": "5ea002fd8c80f719fef4727b0f1b5b41"
        },
        {
          "type": "cssRules",
          "assetId": "g36MTc5kLKgr",
          "checksum": "5ea002fd8c80f719fef4727b0f1b5b41"
        },
        {
          "type": "icon",
          "assetId": "kMEAFFFW7kqs",
          "checksum": "83af1c7814ddda7442f7f6246b22a273"
        },
        {
          "type": "globalVariant",
          "assetId": "bx84yjvMH6Tr",
          "checksum": "8c736e79976ccd5349650094098e29f2"
        },
        {
          "type": "renderModule",
          "assetId": "xhQwHY9Bkb2M",
          "checksum": "44797784299c862346c644dfec91066c"
        },
        {
          "type": "cssRules",
          "assetId": "xhQwHY9Bkb2M",
          "checksum": "44797784299c862346c644dfec91066c"
        },
        {
          "type": "renderModule",
          "assetId": "zLDzQ49_JXqf",
          "checksum": "0bcbfa229df637ecd98b23a02cc6b0aa"
        },
        {
          "type": "cssRules",
          "assetId": "zLDzQ49_JXqf",
          "checksum": "0bcbfa229df637ecd98b23a02cc6b0aa"
        },
        {
          "type": "icon",
          "assetId": "yKGpUY2EOId4",
          "checksum": "7817ec9b3d27e4fff0e52d0f5400f266"
        },
        {
          "type": "renderModule",
          "assetId": "M0IYPZJH3OXM",
          "checksum": "ec25626320d20f2901ad42b6a96af83c"
        },
        {
          "type": "cssRules",
          "assetId": "M0IYPZJH3OXM",
          "checksum": "ec25626320d20f2901ad42b6a96af83c"
        },
        {
          "type": "renderModule",
          "assetId": "s3nn5Qn_GLJE",
          "checksum": "de47437993cdca605d37c9f843b24cdd"
        },
        {
          "type": "cssRules",
          "assetId": "s3nn5Qn_GLJE",
          "checksum": "de47437993cdca605d37c9f843b24cdd"
        },
        {
          "type": "renderModule",
          "assetId": "kbhbrRoSxPvc",
          "checksum": "770074fa8a8e9504decf5f41670a88b1"
        },
        {
          "type": "cssRules",
          "assetId": "kbhbrRoSxPvc",
          "checksum": "770074fa8a8e9504decf5f41670a88b1"
        },
        {
          "assetId": "2p9VhVhxAWhB5Nusx9QUQ2",
          "type": "projectCss",
          "checksum": "a1bf4ca16b0e06245b93ab815745dc66"
        },
        {
          "type": "renderModule",
          "assetId": "itzkRTaKiGMa",
          "checksum": "0d9aad409294d58f6dcd14aacee54c25"
        },
        {
          "type": "cssRules",
          "assetId": "itzkRTaKiGMa",
          "checksum": "0d9aad409294d58f6dcd14aacee54c25"
        }
      ],
      "codegenVersion": "0.0.1"
    }
  ],
  "cliVersion": "0.1.330"
}
